
Microsoft Visual Studio Solution File, Format Version 12.00
# Visual Studio Version 16
VisualStudioVersion = 16.0.31729.503
MinimumVisualStudioVersion = 10.0.40219.1
Project("{FAE04EC0-301F-11D3-BF4B-00C04F79EFBC}") = "ClientProxy-P4-044", "ClientProxy-P4-044\ClientProxy-P4-044.csproj", "{82ACD6EC-279B-40D3-8FE8-2DD48FC63BDF}"
EndProject
Global
	GlobalSection(SolutionConfigurationPlatforms) = preSolution
		Debug|Any CPU = Debug|Any CPU
		Release|Any CPU = Release|Any CPU
	EndGlobalSection
	GlobalSection(ProjectConfigurationPlatforms) = postSolution
		{82ACD6EC-279B-40D3-8FE8-2DD48FC63BDF}.Debug|Any CPU.ActiveCfg = Debug|Any CPU
		{82ACD6EC-279B-40D3-8FE8-2DD48FC63BDF}.Debug|Any CPU.Build.0 = Debug|Any CPU
		{82ACD6EC-279B-40D3-8FE8-2DD48FC63BDF}.Release|Any CPU.ActiveCfg = Release|Any CPU
		{82ACD6EC-279B-40D3-8FE8-2DD48FC63BDF}.Release|Any CPU.Build.0 = Release|Any CPU
	EndGlobalSection
	GlobalSection(SolutionProperties) = preSolution
		HideSolutionNode = FALSE
	EndGlobalSection
	GlobalSection(ExtensibilityGlobals) = postSolution
		SolutionGuid = {217184A5-D5A2-4757-B70B-4E339973726A}
	EndGlobalSection
EndGlobal
